
Microsoft Visual Studio Solution File, Format Version 12.00
# Visual Studio 2013
VisualStudioVersion = 12.0.30723.0
MinimumVisualStudioVersion = 10.0.40219.1
Project("{FAE04EC0-301F-11D3-BF4B-00C04F79EFBC}") = "Library", "Library\Library.csproj", "{8ACE7F0C-C6B7-4B7F-9F28-E46FE8F16DA0}"
EndProject
Project("{FAE04EC0-301F-11D3-BF4B-00C04F79EFBC}") = "Tests", "Tests\Tests.csproj", "{8D377FC1-548D-430B-891E-8F8CE12D595B}"
EndProject
Project("{2150E333-8FDC-42A3-9474-1A3956D46DE8}") = ".nuget", ".nuget", "{D1E6A381-FE38-4221-8001-1B4E21D6C57B}"
	ProjectSection(SolutionItems) = preProject
		.nuget\NuGet.Config = .nuget\NuGet.Config
		.nuget\NuGet.exe = .nuget\NuGet.exe
		.nuget\NuGet.targets = .nuget\NuGet.targets
	EndProjectSection
EndProject
Global
	GlobalSection(SolutionConfigurationPlatforms) = preSolution
		Debug|Any CPU = Debug|Any CPU
		Release|Any CPU = Release|Any CPU
	EndGlobalSection
	GlobalSection(ProjectConfigurationPlatforms) = postSolution
		{8ACE7F0C-C6B7-4B7F-9F28-E46FE8F16DA0}.Debug|Any CPU.ActiveCfg = Debug|Any CPU
		{8ACE7F0C-C6B7-4B7F-9F28-E46FE8F16DA0}.Debug|Any CPU.Build.0 = Debug|Any CPU
		{8ACE7F0C-C6B7-4B7F-9F28-E46FE8F16DA0}.Release|Any CPU.ActiveCfg = Release|Any CPU
		{8ACE7F0C-C6B7-4B7F-9F28-E46FE8F16DA0}.Release|Any CPU.Build.0 = Release|Any CPU
		{8D377FC1-548D-430B-891E-8F8CE12D595B}.Debug|Any CPU.ActiveCfg = Debug|Any CPU
		{8D377FC1-548D-430B-891E-8F8CE12D595B}.Debug|Any CPU.Build.0 = Debug|Any CPU
		{8D377FC1-548D-430B-891E-8F8CE12D595B}.Release|Any CPU.ActiveCfg = Release|Any CPU
		{8D377FC1-548D-430B-891E-8F8CE12D595B}.Release|Any CPU.Build.0 = Release|Any CPU
	EndGlobalSection
	GlobalSection(SolutionProperties) = preSolution
		HideSolutionNode = FALSE
	EndGlobalSection
EndGlobal
